
Microsoft Visual Studio Solution File, Format Version 12.00
# Visual Studio 2012
Project("{FAE04EC0-301F-11D3-BF4B-00C04F79EFBC}") = "NeopleDigger", "NeopleDigger\NeopleDigger.csproj", "{3BC82D0C-0F1B-4DC0-8D9A-3CDC970E29FD}"
EndProject
Global
	GlobalSection(SolutionConfigurationPlatforms) = preSolution
		Debug|Any CPU = Debug|Any CPU
		Release|Any CPU = Release|Any CPU
	EndGlobalSection
	GlobalSection(ProjectConfigurationPlatforms) = postSolution
		{3BC82D0C-0F1B-4DC0-8D9A-3CDC970E29FD}.Debug|Any CPU.ActiveCfg = Debug|Any CPU
		{3BC82D0C-0F1B-4DC0-8D9A-3CDC970E29FD}.Debug|Any CPU.Build.0 = Debug|Any CPU
		{3BC82D0C-0F1B-4DC0-8D9A-3CDC970E29FD}.Release|Any CPU.ActiveCfg = Release|Any CPU
		{3BC82D0C-0F1B-4DC0-8D9A-3CDC970E29FD}.Release|Any CPU.Build.0 = Release|Any CPU
	EndGlobalSection
	GlobalSection(SolutionProperties) = preSolution
		HideSolutionNode = FALSE
	EndGlobalSection
EndGlobal
